// !$*UTF8*$!
{
	archiveVersion = 1;
	classes = {
	};
	objectVersion = 50;
	objects = {

/* Begin PBXBuildFile section */
		130A08EE252FBDD2001CE458 /* NetworkManager.swift in Sources */ = {isa = PBXBuildFile; fileRef = 130A08ED252FBDD2001CE458 /* NetworkManager.swift */; };
		1313828125340BBF004ABE05 /* FollowerCell.swift in Sources */ = {isa = PBXBuildFile; fileRef = 1313828025340BBF004ABE05 /* FollowerCell.swift */; };
		1313828525340C36004ABE05 /* GFAvatarImageView.swift in Sources */ = {isa = PBXBuildFile; fileRef = 1313828425340C36004ABE05 /* GFAvatarImageView.swift */; };
		13178E1D254273BC0047E302 /* GFUserInfoHeaderVC.swift in Sources */ = {isa = PBXBuildFile; fileRef = 13178E1C254273BC0047E302 /* GFUserInfoHeaderVC.swift */; };
		13178E20254274130047E302 /* GFSecondaryTitleLabel.swift in Sources */ = {isa = PBXBuildFile; fileRef = 13178E1F254274130047E302 /* GFSecondaryTitleLabel.swift */; };
		13178E2325427E850047E302 /* Constants.swift in Sources */ = {isa = PBXBuildFile; fileRef = 13178E2225427E850047E302 /* Constants.swift */; };
		1338B10E252568340050BBD7 /* AppDelegate.swift in Sources */ = {isa = PBXBuildFile; fileRef = 1338B10D252568340050BBD7 /* AppDelegate.swift */; };
		1338B110252568340050BBD7 /* SceneDelegate.swift in Sources */ = {isa = PBXBuildFile; fileRef = 1338B10F252568340050BBD7 /* SceneDelegate.swift */; };
		1338B1172525683B0050BBD7 /* Assets.xcassets in Resources */ = {isa = PBXBuildFile; fileRef = 1338B1162525683B0050BBD7 /* Assets.xcassets */; };
		1338B11A2525683B0050BBD7 /* LaunchScreen.storyboard in Resources */ = {isa = PBXBuildFile; fileRef = 1338B1182525683B0050BBD7 /* LaunchScreen.storyboard */; };
		133BFADB2528248500E6AD2E /* GFButton.swift in Sources */ = {isa = PBXBuildFile; fileRef = 133BFADA2528248500E6AD2E /* GFButton.swift */; };
		1345A0522526D89800094AF6 /* SearchVC.swift in Sources */ = {isa = PBXBuildFile; fileRef = 1345A0512526D89800094AF6 /* SearchVC.swift */; };
		1345A0552526D8C000094AF6 /* FavoritesListVC.swift in Sources */ = {isa = PBXBuildFile; fileRef = 1345A0542526D8C000094AF6 /* FavoritesListVC.swift */; };
		1345FAB9252ACB82004DAECF /* GFTextField.swift in Sources */ = {isa = PBXBuildFile; fileRef = 1345FAB8252ACB82004DAECF /* GFTextField.swift */; };
		134B4A9F2547C87400348547 /* PersistenceManager.swift in Sources */ = {isa = PBXBuildFile; fileRef = 134B4A9E2547C87400348547 /* PersistenceManager.swift */; };
		1366B7E8252E962000DE0E86 /* GFAlertContainerView.swift in Sources */ = {isa = PBXBuildFile; fileRef = 1366B7E7252E962000DE0E86 /* GFAlertContainerView.swift */; };
		1366B7F6252E9D1700DE0E86 /* Follower.swift in Sources */ = {isa = PBXBuildFile; fileRef = 1366B7F5252E9D1700DE0E86 /* Follower.swift */; };
		1366B7F9252E9DBE00DE0E86 /* User.swift in Sources */ = {isa = PBXBuildFile; fileRef = 1366B7F8252E9DBE00DE0E86 /* User.swift */; };
		1376DF0C2546292A008DA2D9 /* GFItemInfoView.swift in Sources */ = {isa = PBXBuildFile; fileRef = 1376DF0B2546292A008DA2D9 /* GFItemInfoView.swift */; };
		1376DF0F2546322F008DA2D9 /* GFItemInfoVC.swift in Sources */ = {isa = PBXBuildFile; fileRef = 1376DF0E2546322F008DA2D9 /* GFItemInfoVC.swift */; };
		1376DF12254636DC008DA2D9 /* GFRepoItemVC.swift in Sources */ = {isa = PBXBuildFile; fileRef = 1376DF11254636DC008DA2D9 /* GFRepoItemVC.swift */; };
		1376DF1525463918008DA2D9 /* GFFollowerItemVC.swift in Sources */ = {isa = PBXBuildFile; fileRef = 1376DF1425463918008DA2D9 /* GFFollowerItemVC.swift */; };
		13A4E1FB254A6388004235DB /* FavoriteCell.swift in Sources */ = {isa = PBXBuildFile; fileRef = 13A4E1FA254A6388004235DB /* FavoriteCell.swift */; };
		13A4E1FF254A7BF0004235DB /* GFTabBarController.swift in Sources */ = {isa = PBXBuildFile; fileRef = 13A4E1FE254A7BF0004235DB /* GFTabBarController.swift */; };
		13A546B9253DB8B0000C8460 /* GFEmptyStateView.swift in Sources */ = {isa = PBXBuildFile; fileRef = 13A546B8253DB8B0000C8460 /* GFEmptyStateView.swift */; };
		13A6A0DF2540DAC000D18ED2 /* UserInfoVC.swift in Sources */ = {isa = PBXBuildFile; fileRef = 13A6A0DE2540DAC000D18ED2 /* UserInfoVC.swift */; };
		13A6A0E3254101F500D18ED2 /* GFError.swift in Sources */ = {isa = PBXBuildFile; fileRef = 13A6A0E2254101F500D18ED2 /* GFError.swift */; };
		13C52736253766830099C11D /* UIHelper.swift in Sources */ = {isa = PBXBuildFile; fileRef = 13C52735253766830099C11D /* UIHelper.swift */; };
		13C5D33C252C2591004B69E0 /* FollowerListVC.swift in Sources */ = {isa = PBXBuildFile; fileRef = 13C5D33B252C2591004B69E0 /* FollowerListVC.swift */; };
		13E35EB0252D8DD60080F95D /* GFTitleLabel.swift in Sources */ = {isa = PBXBuildFile; fileRef = 13E35EAF252D8DD60080F95D /* GFTitleLabel.swift */; };
		13E35EB3252D8F2F0080F95D /* GFBodyLabel.swift in Sources */ = {isa = PBXBuildFile; fileRef = 13E35EB2252D8F2F0080F95D /* GFBodyLabel.swift */; };
		13E35EB6252D907D0080F95D /* GFAlertVC.swift in Sources */ = {isa = PBXBuildFile; fileRef = 13E35EB5252D907D0080F95D /* GFAlertVC.swift */; };
		13E35EB9252D95880080F95D /* UIViewController+Ext.swift in Sources */ = {isa = PBXBuildFile; fileRef = 13E35EB8252D95880080F95D /* UIViewController+Ext.swift */; };
		13FA43EC25463D1F00E2093E /* Date+Ext.swift in Sources */ = {isa = PBXBuildFile; fileRef = 13FA43EB25463D1F00E2093E /* Date+Ext.swift */; };
		13FA43EF25463D5000E2093E /* String+Ext.swift in Sources */ = {isa = PBXBuildFile; fileRef = 13FA43EE25463D5000E2093E /* String+Ext.swift */; };
/* End PBXBuildFile section */

/* Begin PBXFileReference section */
		130A08ED252FBDD2001CE458 /* NetworkManager.swift */ = {isa = PBXFileReference; lastKnownFileType = sourcecode.swift; path = NetworkManager.swift; sourceTree = "<group>"; };
		1313828025340BBF004ABE05 /* FollowerCell.swift */ = {isa = PBXFileReference; lastKnownFileType = sourcecode.swift; path = FollowerCell.swift; sourceTree = "<group>"; };
		1313828425340C36004ABE05 /* GFAvatarImageView.swift */ = {isa = PBXFileReference; lastKnownFileType = sourcecode.swift; path = GFAvatarImageView.swift; sourceTree = "<group>"; };
		13178E1C254273BC0047E302 /* GFUserInfoHeaderVC.swift */ = {isa = PBXFileReference; lastKnownFileType = sourcecode.swift; path = GFUserInfoHeaderVC.swift; sourceTree = "<group>"; };
		13178E1F254274130047E302 /* GFSecondaryTitleLabel.swift */ = {isa = PBXFileReference; lastKnownFileType = sourcecode.swift; path = GFSecondaryTitleLabel.swift; sourceTree = "<group>"; };
		13178E2225427E850047E302 /* Constants.swift */ = {isa = PBXFileReference; lastKnownFileType = sourcecode.swift; path = Constants.swift; sourceTree = "<group>"; };
		1338B10A252568340050BBD7 /* GHFollowers.app */ = {isa = PBXFileReference; explicitFileType = wrapper.application; includeInIndex = 0; path = GHFollowers.app; sourceTree = BUILT_PRODUCTS_DIR; };
		1338B10D252568340050BBD7 /* AppDelegate.swift */ = {isa = PBXFileReference; lastKnownFileType = sourcecode.swift; path = AppDelegate.swift; sourceTree = "<group>"; };
		1338B10F252568340050BBD7 /* SceneDelegate.swift */ = {isa = PBXFileReference; lastKnownFileType = sourcecode.swift; path = SceneDelegate.swift; sourceTree = "<group>"; };
		1338B1162525683B0050BBD7 /* Assets.xcassets */ = {isa = PBXFileReference; lastKnownFileType = folder.assetcatalog; path = Assets.xcassets; sourceTree = "<group>"; };
		1338B1192525683B0050BBD7 /* Base */ = {isa = PBXFileReference; lastKnownFileType = file.storyboard; name = Base; path = Base.lproj/LaunchScreen.storyboard; sourceTree = "<group>"; };
		1338B11B2525683B0050BBD7 /* Info.plist */ = {isa = PBXFileReference; lastKnownFileType = text.plist.xml; path = Info.plist; sourceTree = "<group>"; };
		133BFADA2528248500E6AD2E /* GFButton.swift */ = {isa = PBXFileReference; lastKnownFileType = sourcecode.swift; path = GFButton.swift; sourceTree = "<group>"; };
		1345A0512526D89800094AF6 /* SearchVC.swift */ = {isa = PBXFileReference; lastKnownFileType = sourcecode.swift; path = SearchVC.swift; sourceTree = "<group>"; };
		1345A0542526D8C000094AF6 /* FavoritesListVC.swift */ = {isa = PBXFileReference; lastKnownFileType = sourcecode.swift; path = FavoritesListVC.swift; sourceTree = "<group>"; };
		1345FAB8252ACB82004DAECF /* GFTextField.swift */ = {isa = PBXFileReference; lastKnownFileType = sourcecode.swift; path = GFTextField.swift; sourceTree = "<group>"; };
		134B4A9E2547C87400348547 /* PersistenceManager.swift */ = {isa = PBXFileReference; lastKnownFileType = sourcecode.swift; path = PersistenceManager.swift; sourceTree = "<group>"; };
		1366B7E7252E962000DE0E86 /* GFAlertContainerView.swift */ = {isa = PBXFileReference; lastKnownFileType = sourcecode.swift; path = GFAlertContainerView.swift; sourceTree = "<group>"; };
		1366B7F5252E9D1700DE0E86 /* Follower.swift */ = {isa = PBXFileReference; lastKnownFileType = sourcecode.swift; path = Follower.swift; sourceTree = "<group>"; };
		1366B7F8252E9DBE00DE0E86 /* User.swift */ = {isa = PBXFileReference; lastKnownFileType = sourcecode.swift; path = User.swift; sourceTree = "<group>"; };
		1376DF0B2546292A008DA2D9 /* GFItemInfoView.swift */ = {isa = PBXFileReference; lastKnownFileType = sourcecode.swift; path = GFItemInfoView.swift; sourceTree = "<group>"; };
		1376DF0E2546322F008DA2D9 /* GFItemInfoVC.swift */ = {isa = PBXFileReference; lastKnownFileType = sourcecode.swift; path = GFItemInfoVC.swift; sourceTree = "<group>"; };
		1376DF11254636DC008DA2D9 /* GFRepoItemVC.swift */ = {isa = PBXFileReference; lastKnownFileType = sourcecode.swift; path = GFRepoItemVC.swift; sourceTree = "<group>"; };
		1376DF1425463918008DA2D9 /* GFFollowerItemVC.swift */ = {isa = PBXFileReference; lastKnownFileType = sourcecode.swift; path = GFFollowerItemVC.swift; sourceTree = "<group>"; };
		13A4E1FA254A6388004235DB /* FavoriteCell.swift */ = {isa = PBXFileReference; lastKnownFileType = sourcecode.swift; path = FavoriteCell.swift; sourceTree = "<group>"; };
		13A4E1FE254A7BF0004235DB /* GFTabBarController.swift */ = {isa = PBXFileReference; lastKnownFileType = sourcecode.swift; path = GFTabBarController.swift; sourceTree = "<group>"; };
		13A546B8253DB8B0000C8460 /* GFEmptyStateView.swift */ = {isa = PBXFileReference; lastKnownFileType = sourcecode.swift; path = GFEmptyStateView.swift; sourceTree = "<group>"; };
		13A6A0DE2540DAC000D18ED2 /* UserInfoVC.swift */ = {isa = PBXFileReference; lastKnownFileType = sourcecode.swift; path = UserInfoVC.swift; sourceTree = "<group>"; };
		13A6A0E2254101F500D18ED2 /* GFError.swift */ = {isa = PBXFileReference; lastKnownFileType = sourcecode.swift; path = GFError.swift; sourceTree = "<group>"; };
		13C52735253766830099C11D /* UIHelper.swift */ = {isa = PBXFileReference; lastKnownFileType = sourcecode.swift; path = UIHelper.swift; sourceTree = "<group>"; };
		13C5D33B252C2591004B69E0 /* FollowerListVC.swift */ = {isa = PBXFileReference; lastKnownFileType = sourcecode.swift; path = FollowerListVC.swift; sourceTree = "<group>"; };
		13E35EAF252D8DD60080F95D /* GFTitleLabel.swift */ = {isa = PBXFileReference; lastKnownFileType = sourcecode.swift; path = GFTitleLabel.swift; sourceTree = "<group>"; };
		13E35EB2252D8F2F0080F95D /* GFBodyLabel.swift */ = {isa = PBXFileReference; lastKnownFileType = sourcecode.swift; path = GFBodyLabel.swift; sourceTree = "<group>"; };
		13E35EB5252D907D0080F95D /* GFAlertVC.swift */ = {isa = PBXFileReference; lastKnownFileType = sourcecode.swift; path = GFAlertVC.swift; sourceTree = "<group>"; };
		13E35EB8252D95880080F95D /* UIViewController+Ext.swift */ = {isa = PBXFileReference; lastKnownFileType = sourcecode.swift; path = "UIViewController+Ext.swift"; sourceTree = "<group>"; };
		13FA43EB25463D1F00E2093E /* Date+Ext.swift */ = {isa = PBXFileReference; lastKnownFileType = sourcecode.swift; path = "Date+Ext.swift"; sourceTree = "<group>"; };
		13FA43EE25463D5000E2093E /* String+Ext.swift */ = {isa = PBXFileReference; lastKnownFileType = sourcecode.swift; path = "String+Ext.swift"; sourceTree = "<group>"; };
/* End PBXFileReference section */

/* Begin PBXFrameworksBuildPhase section */
		1338B107252568340050BBD7 /* Frameworks */ = {
			isa = PBXFrameworksBuildPhase;
			buildActionMask = 2147483647;
			files = (
			);
			runOnlyForDeploymentPostprocessing = 0;
		};
/* End PBXFrameworksBuildPhase section */

/* Begin PBXGroup section */
		130A08EC252FBDBF001CE458 /* Managers */ = {
			isa = PBXGroup;
			children = (
				130A08ED252FBDD2001CE458 /* NetworkManager.swift */,
				134B4A9E2547C87400348547 /* PersistenceManager.swift */,
			);
			path = Managers;
			sourceTree = "<group>";
		};
		1313827F25340B97004ABE05 /* Cells */ = {
			isa = PBXGroup;
			children = (
				1313828025340BBF004ABE05 /* FollowerCell.swift */,
				13A4E1FA254A6388004235DB /* FavoriteCell.swift */,
			);
			path = Cells;
			sourceTree = "<group>";
		};
		1338B101252568340050BBD7 = {
			isa = PBXGroup;
			children = (
				1338B10C252568340050BBD7 /* GHFollowers */,
				1338B10B252568340050BBD7 /* Products */,
			);
			sourceTree = "<group>";
		};
		1338B10B252568340050BBD7 /* Products */ = {
			isa = PBXGroup;
			children = (
				1338B10A252568340050BBD7 /* GHFollowers.app */,
			);
			name = Products;
			sourceTree = "<group>";
		};
		1338B10C252568340050BBD7 /* GHFollowers */ = {
			isa = PBXGroup;
			children = (
				13B626502530F5B600D03BDC /* Utilities */,
				130A08EC252FBDBF001CE458 /* Managers */,
				1366B7F4252E9D0800DE0E86 /* Model */,
				1366B7EE252E9AF600DE0E86 /* Extensions */,
				1366B7EA252E982600DE0E86 /* Custom Views */,
				1366B7EB252E9AE600DE0E86 /* Screens */,
				1366B7F0252E9AFC00DE0E86 /* Support */,
				1338B11B2525683B0050BBD7 /* Info.plist */,
			);
			path = GHFollowers;
			sourceTree = "<group>";
		};
		1366B7EA252E982600DE0E86 /* Custom Views */ = {
			isa = PBXGroup;
			children = (
				13A4E1FD254A7BD6004235DB /* TabBarControllers */,
				13A546B7253DB840000C8460 /* Labels */,
				13A546B6253DB825000C8460 /* ViewControllers */,
				13A546B5253DB820000C8460 /* Image Views */,
				13A546B4253DB81B000C8460 /* Text Fields */,
				13A546B3253DB816000C8460 /* Buttons */,
				13A546B2253DB811000C8460 /* Views */,
				1313827F25340B97004ABE05 /* Cells */,
			);
			path = "Custom Views";
			sourceTree = "<group>";
		};
		1366B7EB252E9AE600DE0E86 /* Screens */ = {
			isa = PBXGroup;
			children = (
				1345A0512526D89800094AF6 /* SearchVC.swift */,
				1345A0542526D8C000094AF6 /* FavoritesListVC.swift */,
				13C5D33B252C2591004B69E0 /* FollowerListVC.swift */,
				13A6A0DE2540DAC000D18ED2 /* UserInfoVC.swift */,
			);
			path = Screens;
			sourceTree = "<group>";
		};
		1366B7EE252E9AF600DE0E86 /* Extensions */ = {
			isa = PBXGroup;
			children = (
				13E35EB8252D95880080F95D /* UIViewController+Ext.swift */,
				13FA43EB25463D1F00E2093E /* Date+Ext.swift */,
				13FA43EE25463D5000E2093E /* String+Ext.swift */,
			);
			path = Extensions;
			sourceTree = "<group>";
		};
		1366B7F0252E9AFC00DE0E86 /* Support */ = {
			isa = PBXGroup;
			children = (
				1338B10D252568340050BBD7 /* AppDelegate.swift */,
				1338B10F252568340050BBD7 /* SceneDelegate.swift */,
				1338B1162525683B0050BBD7 /* Assets.xcassets */,
				1338B1182525683B0050BBD7 /* LaunchScreen.storyboard */,
			);
			path = Support;
			sourceTree = "<group>";
		};
		1366B7F4252E9D0800DE0E86 /* Model */ = {
			isa = PBXGroup;
			children = (
				1366B7F5252E9D1700DE0E86 /* Follower.swift */,
				1366B7F8252E9DBE00DE0E86 /* User.swift */,
			);
			path = Model;
			sourceTree = "<group>";
		};
		1376DF17254639A9008DA2D9 /* ItemInfoVCs */ = {
			isa = PBXGroup;
			children = (
				1376DF0E2546322F008DA2D9 /* GFItemInfoVC.swift */,
				1376DF11254636DC008DA2D9 /* GFRepoItemVC.swift */,
				1376DF1425463918008DA2D9 /* GFFollowerItemVC.swift */,
			);
			path = ItemInfoVCs;
			sourceTree = "<group>";
		};
		13A4E1FD254A7BD6004235DB /* TabBarControllers */ = {
			isa = PBXGroup;
			children = (
				13A4E1FE254A7BF0004235DB /* GFTabBarController.swift */,
			);
			path = TabBarControllers;
			sourceTree = "<group>";
		};
		13A546B2253DB811000C8460 /* Views */ = {
			isa = PBXGroup;
			children = (
				1366B7E7252E962000DE0E86 /* GFAlertContainerView.swift */,
				13A546B8253DB8B0000C8460 /* GFEmptyStateView.swift */,
				1376DF0B2546292A008DA2D9 /* GFItemInfoView.swift */,
			);
			path = Views;
			sourceTree = "<group>";
		};
		13A546B3253DB816000C8460 /* Buttons */ = {
			isa = PBXGroup;
			children = (
				133BFADA2528248500E6AD2E /* GFButton.swift */,
			);
			path = Buttons;
			sourceTree = "<group>";
		};
		13A546B4253DB81B000C8460 /* Text Fields */ = {
			isa = PBXGroup;
			children = (
				1345FAB8252ACB82004DAECF /* GFTextField.swift */,
			);
			path = "Text Fields";
			sourceTree = "<group>";
		};
		13A546B5253DB820000C8460 /* Image Views */ = {
			isa = PBXGroup;
			children = (
				1313828425340C36004ABE05 /* GFAvatarImageView.swift */,
			);
			path = "Image Views";
			sourceTree = "<group>";
		};
		13A546B6253DB825000C8460 /* ViewControllers */ = {
			isa = PBXGroup;
			children = (
				1376DF17254639A9008DA2D9 /* ItemInfoVCs */,
				13E35EB5252D907D0080F95D /* GFAlertVC.swift */,
				13178E1C254273BC0047E302 /* GFUserInfoHeaderVC.swift */,
			);
			path = ViewControllers;
			sourceTree = "<group>";
		};
		13A546B7253DB840000C8460 /* Labels */ = {
			isa = PBXGroup;
			children = (
				13E35EAF252D8DD60080F95D /* GFTitleLabel.swift */,
				13E35EB2252D8F2F0080F95D /* GFBodyLabel.swift */,
				13178E1F254274130047E302 /* GFSecondaryTitleLabel.swift */,
			);
			path = Labels;
			sourceTree = "<group>";
		};
		13B626502530F5B600D03BDC /* Utilities */ = {
			isa = PBXGroup;
			children = (
				13C52735253766830099C11D /* UIHelper.swift */,
				13A6A0E2254101F500D18ED2 /* GFError.swift */,
				13178E2225427E850047E302 /* Constants.swift */,
			);
			path = Utilities;
			sourceTree = "<group>";
		};
/* End PBXGroup section */

/* Begin PBXNativeTarget section */
		1338B109252568340050BBD7 /* GHFollowers */ = {
			isa = PBXNativeTarget;
			buildConfigurationList = 1338B11E2525683B0050BBD7 /* Build configuration list for PBXNativeTarget "GHFollowers" */;
			buildPhases = (
				1338B106252568340050BBD7 /* Sources */,
				1338B107252568340050BBD7 /* Frameworks */,
				1338B108252568340050BBD7 /* Resources */,
			);
			buildRules = (
			);
			dependencies = (
			);
			name = GHFollowers;
			productName = GHFollowers;
			productReference = 1338B10A252568340050BBD7 /* GHFollowers.app */;
			productType = "com.apple.product-type.application";
		};
/* End PBXNativeTarget section */

/* Begin PBXProject section */
		1338B102252568340050BBD7 /* Project object */ = {
			isa = PBXProject;
			attributes = {
				LastSwiftUpdateCheck = 1200;
				LastUpgradeCheck = 1200;
				TargetAttributes = {
					1338B109252568340050BBD7 = {
						CreatedOnToolsVersion = 12.0.1;
					};
				};
			};
			buildConfigurationList = 1338B105252568340050BBD7 /* Build configuration list for PBXProject "GHFollowers" */;
			compatibilityVersion = "Xcode 9.3";
			developmentRegion = en;
			hasScannedForEncodings = 0;
			knownRegions = (
				en,
				Base,
			);
			mainGroup = 1338B101252568340050BBD7;
			productRefGroup = 1338B10B252568340050BBD7 /* Products */;
			projectDirPath = "";
			projectRoot = "";
			targets = (
				1338B109252568340050BBD7 /* GHFollowers */,
			);
		};
/* End PBXProject section */

/* Begin PBXResourcesBuildPhase section */
		1338B108252568340050BBD7 /* Resources */ = {
			isa = PBXResourcesBuildPhase;
			buildActionMask = 2147483647;
			files = (
				1338B11A2525683B0050BBD7 /* LaunchScreen.storyboard in Resources */,
				1338B1172525683B0050BBD7 /* Assets.xcassets in Resources */,
			);
			runOnlyForDeploymentPostprocessing = 0;
		};
/* End PBXResourcesBuildPhase section */

/* Begin PBXSourcesBuildPhase section */
		1338B106252568340050BBD7 /* Sources */ = {
			isa = PBXSourcesBuildPhase;
			buildActionMask = 2147483647;
			files = (
				1345FAB9252ACB82004DAECF /* GFTextField.swift in Sources */,
				13A6A0E3254101F500D18ED2 /* GFError.swift in Sources */,
				1345A0552526D8C000094AF6 /* FavoritesListVC.swift in Sources */,
				13178E1D254273BC0047E302 /* GFUserInfoHeaderVC.swift in Sources */,
				133BFADB2528248500E6AD2E /* GFButton.swift in Sources */,
				13E35EB9252D95880080F95D /* UIViewController+Ext.swift in Sources */,
				1345A0522526D89800094AF6 /* SearchVC.swift in Sources */,
				13178E20254274130047E302 /* GFSecondaryTitleLabel.swift in Sources */,
				13A546B9253DB8B0000C8460 /* GFEmptyStateView.swift in Sources */,
				13E35EB6252D907D0080F95D /* GFAlertVC.swift in Sources */,
				1366B7F9252E9DBE00DE0E86 /* User.swift in Sources */,
				1313828125340BBF004ABE05 /* FollowerCell.swift in Sources */,
				134B4A9F2547C87400348547 /* PersistenceManager.swift in Sources */,
				13A4E1FB254A6388004235DB /* FavoriteCell.swift in Sources */,
				1376DF12254636DC008DA2D9 /* GFRepoItemVC.swift in Sources */,
				1313828525340C36004ABE05 /* GFAvatarImageView.swift in Sources */,
				13E35EB3252D8F2F0080F95D /* GFBodyLabel.swift in Sources */,
				13A6A0DF2540DAC000D18ED2 /* UserInfoVC.swift in Sources */,
				1366B7F6252E9D1700DE0E86 /* Follower.swift in Sources */,
				13E35EB0252D8DD60080F95D /* GFTitleLabel.swift in Sources */,
				13FA43EF25463D5000E2093E /* String+Ext.swift in Sources */,
				13C5D33C252C2591004B69E0 /* FollowerListVC.swift in Sources */,
				1376DF0F2546322F008DA2D9 /* GFItemInfoVC.swift in Sources */,
				1376DF1525463918008DA2D9 /* GFFollowerItemVC.swift in Sources */,
				1338B10E252568340050BBD7 /* AppDelegate.swift in Sources */,
				13C52736253766830099C11D /* UIHelper.swift in Sources */,
				13FA43EC25463D1F00E2093E /* Date+Ext.swift in Sources */,
				130A08EE252FBDD2001CE458 /* NetworkManager.swift in Sources */,
				1338B110252568340050BBD7 /* SceneDelegate.swift in Sources */,
				1376DF0C2546292A008DA2D9 /* GFItemInfoView.swift in Sources */,
				1366B7E8252E962000DE0E86 /* GFAlertContainerView.swift in Sources */,
				13178E2325427E850047E302 /* Constants.swift in Sources */,
				13A4E1FF254A7BF0004235DB /* GFTabBarController.swift in Sources */,
			);
			runOnlyForDeploymentPostprocessing = 0;
		};
/* End PBXSourcesBuildPhase section */

/* Begin PBXVariantGroup section */
		1338B1182525683B0050BBD7 /* LaunchScreen.storyboard */ = {
			isa = PBXVariantGroup;
			children = (
				1338B1192525683B0050BBD7 /* Base */,
			);
			name = LaunchScreen.storyboard;
			sourceTree = "<group>";
		};
/* End PBXVariantGroup section */

/* Begin XCBuildConfiguration section */
		1338B11C2525683B0050BBD7 /* Debug */ = {
			isa = XCBuildConfiguration;
			buildSettings = {
				ALWAYS_SEARCH_USER_PATHS = NO;
				CLANG_ANALYZER_NONNULL = YES;
				CLANG_ANALYZER_NUMBER_OBJECT_CONVERSION = YES_AGGRESSIVE;
				CLANG_CXX_LANGUAGE_STANDARD = "gnu++14";
				CLANG_CXX_LIBRARY = "libc++";
				CLANG_ENABLE_MODULES = YES;
				CLANG_ENABLE_OBJC_ARC = YES;
				CLANG_ENABLE_OBJC_WEAK = YES;
				CLANG_WARN_BLOCK_CAPTURE_AUTORELEASING = YES;
				CLANG_WARN_BOOL_CONVERSION = YES;
				CLANG_WARN_COMMA = YES;
				CLANG_WARN_CONSTANT_CONVERSION = YES;
				CLANG_WARN_DEPRECATED_OBJC_IMPLEMENTATIONS = YES;
				CLANG_WARN_DIRECT_OBJC_ISA_USAGE = YES_ERROR;
				CLANG_WARN_DOCUMENTATION_COMMENTS = YES;
				CLANG_WARN_EMPTY_BODY = YES;
				CLANG_WARN_ENUM_CONVERSION = YES;
				CLANG_WARN_INFINITE_RECURSION = YES;
				CLANG_WARN_INT_CONVERSION = YES;
				CLANG_WARN_NON_LITERAL_NULL_CONVERSION = YES;
				CLANG_WARN_OBJC_IMPLICIT_RETAIN_SELF = YES;
				CLANG_WARN_OBJC_LITERAL_CONVERSION = YES;
				CLANG_WARN_OBJC_ROOT_CLASS = YES_ERROR;
				CLANG_WARN_QUOTED_INCLUDE_IN_FRAMEWORK_HEADER = YES;
				CLANG_WARN_RANGE_LOOP_ANALYSIS = YES;
				CLANG_WARN_STRICT_PROTOTYPES = YES;
				CLANG_WARN_SUSPICIOUS_MOVE = YES;
				CLANG_WARN_UNGUARDED_AVAILABILITY = YES_AGGRESSIVE;
				CLANG_WARN_UNREACHABLE_CODE = YES;
				CLANG_WARN__DUPLICATE_METHOD_MATCH = YES;
				COPY_PHASE_STRIP = NO;
				DEBUG_INFORMATION_FORMAT = dwarf;
				ENABLE_STRICT_OBJC_MSGSEND = YES;
				ENABLE_TESTABILITY = YES;
				GCC_C_LANGUAGE_STANDARD = gnu11;
				GCC_DYNAMIC_NO_PIC = NO;
				GCC_NO_COMMON_BLOCKS = YES;
				GCC_OPTIMIZATION_LEVEL = 0;
				GCC_PREPROCESSOR_DEFINITIONS = (
					"DEBUG=1",
					"$(inherited)",
				);
				GCC_WARN_64_TO_32_BIT_CONVERSION = YES;
				GCC_WARN_ABOUT_RETURN_TYPE = YES_ERROR;
				GCC_WARN_UNDECLARED_SELECTOR = YES;
				GCC_WARN_UNINITIALIZED_AUTOS = YES_AGGRESSIVE;
				GCC_WARN_UNUSED_FUNCTION = YES;
				GCC_WARN_UNUSED_VARIABLE = YES;
				IPHONEOS_DEPLOYMENT_TARGET = 14.0;
				MTL_ENABLE_DEBUG_INFO = INCLUDE_SOURCE;
				MTL_FAST_MATH = YES;
				ONLY_ACTIVE_ARCH = YES;
				SDKROOT = iphoneos;
				SWIFT_ACTIVE_COMPILATION_CONDITIONS = DEBUG;
				SWIFT_OPTIMIZATION_LEVEL = "-Onone";
			};
			name = Debug;
		};
		1338B11D2525683B0050BBD7 /* Release */ = {
			isa = XCBuildConfiguration;
			buildSettings = {
				ALWAYS_SEARCH_USER_PATHS = NO;
				CLANG_ANALYZER_NONNULL = YES;
				CLANG_ANALYZER_NUMBER_OBJECT_CONVERSION = YES_AGGRESSIVE;
				CLANG_CXX_LANGUAGE_STANDARD = "gnu++14";
				CLANG_CXX_LIBRARY = "libc++";
				CLANG_ENABLE_MODULES = YES;
				CLANG_ENABLE_OBJC_ARC = YES;
				CLANG_ENABLE_OBJC_WEAK = YES;
				CLANG_WARN_BLOCK_CAPTURE_AUTORELEASING = YES;
				CLANG_WARN_BOOL_CONVERSION = YES;
				CLANG_WARN_COMMA = YES;
				CLANG_WARN_CONSTANT_CONVERSION = YES;
				CLANG_WARN_DEPRECATED_OBJC_IMPLEMENTATIONS = YES;
				CLANG_WARN_DIRECT_OBJC_ISA_USAGE = YES_ERROR;
				CLANG_WARN_DOCUMENTATION_COMMENTS = YES;
				CLANG_WARN_EMPTY_BODY = YES;
				CLANG_WARN_ENUM_CONVERSION = YES;
				CLANG_WARN_INFINITE_RECURSION = YES;
				CLANG_WARN_INT_CONVERSION = YES;
				CLANG_WARN_NON_LITERAL_NULL_CONVERSION = YES;
				CLANG_WARN_OBJC_IMPLICIT_RETAIN_SELF = YES;
				CLANG_WARN_OBJC_LITERAL_CONVERSION = YES;
				CLANG_WARN_OBJC_ROOT_CLASS = YES_ERROR;
				CLANG_WARN_QUOTED_INCLUDE_IN_FRAMEWORK_HEADER = YES;
				CLANG_WARN_RANGE_LOOP_ANALYSIS = YES;
				CLANG_WARN_STRICT_PROTOTYPES = YES;
				CLANG_WARN_SUSPICIOUS_MOVE = YES;
				CLANG_WARN_UNGUARDED_AVAILABILITY = YES_AGGRESSIVE;
				CLANG_WARN_UNREACHABLE_CODE = YES;
				CLANG_WARN__DUPLICATE_METHOD_MATCH = YES;
				COPY_PHASE_STRIP = NO;
				DEBUG_INFORMATION_FORMAT = "dwarf-with-dsym";
				ENABLE_NS_ASSERTIONS = NO;
				ENABLE_STRICT_OBJC_MSGSEND = YES;
				GCC_C_LANGUAGE_STANDARD = gnu11;
				GCC_NO_COMMON_BLOCKS = YES;
				GCC_WARN_64_TO_32_BIT_CONVERSION = YES;
				GCC_WARN_ABOUT_RETURN_TYPE = YES_ERROR;
				GCC_WARN_UNDECLARED_SELECTOR = YES;
				GCC_WARN_UNINITIALIZED_AUTOS = YES_AGGRESSIVE;
				GCC_WARN_UNUSED_FUNCTION = YES;
				GCC_WARN_UNUSED_VARIABLE = YES;
				IPHONEOS_DEPLOYMENT_TARGET = 14.0;
				MTL_ENABLE_DEBUG_INFO = NO;
				MTL_FAST_MATH = YES;
				SDKROOT = iphoneos;
				SWIFT_COMPILATION_MODE = wholemodule;
				SWIFT_OPTIMIZATION_LEVEL = "-O";
				VALIDATE_PRODUCT = YES;
			};
			name = Release;
		};
		1338B11F2525683B0050BBD7 /* Debug */ = {
			isa = XCBuildConfiguration;
			buildSettings = {
				ASSETCATALOG_COMPILER_APPICON_NAME = AppIcon;
				ASSETCATALOG_COMPILER_GLOBAL_ACCENT_COLOR_NAME = AccentColor;
				CODE_SIGN_STYLE = Automatic;
				DEVELOPMENT_TEAM = M5BS2K2345;
				INFOPLIST_FILE = GHFollowers/Info.plist;
				LD_RUNPATH_SEARCH_PATHS = (
					"$(inherited)",
					"@executable_path/Frameworks",
				);
				PRODUCT_BUNDLE_IDENTIFIER = com.giovannapezzini.GHFollowers;
				PRODUCT_NAME = "$(TARGET_NAME)";
				SWIFT_VERSION = 5.0;
				TARGETED_DEVICE_FAMILY = 1;
			};
			name = Debug;
		};
		1338B1202525683B0050BBD7 /* Release */ = {
			isa = XCBuildConfiguration;
			buildSettings = {
				ASSETCATALOG_COMPILER_APPICON_NAME = AppIcon;
				ASSETCATALOG_COMPILER_GLOBAL_ACCENT_COLOR_NAME = AccentColor;
				CODE_SIGN_STYLE = Automatic;
				DEVELOPMENT_TEAM = M5BS2K2345;
				INFOPLIST_FILE = GHFollowers/Info.plist;
				LD_RUNPATH_SEARCH_PATHS = (
					"$(inherited)",
					"@executable_path/Frameworks",
				);
				PRODUCT_BUNDLE_IDENTIFIER = com.giovannapezzini.GHFollowers;
				PRODUCT_NAME = "$(TARGET_NAME)";
				SWIFT_VERSION = 5.0;
				TARGETED_DEVICE_FAMILY = 1;
			};
			name = Release;
		};
/* End XCBuildConfiguration section */

/* Begin XCConfigurationList section */
		1338B105252568340050BBD7 /* Build configuration list for PBXProject "GHFollowers" */ = {
			isa = XCConfigurationList;
			buildConfigurations = (
				1338B11C2525683B0050BBD7 /* Debug */,
				1338B11D2525683B0050BBD7 /* Release */,
			);
			defaultConfigurationIsVisible = 0;
			defaultConfigurationName = Release;
		};
		1338B11E2525683B0050BBD7 /* Build configuration list for PBXNativeTarget "GHFollowers" */ = {
			isa = XCConfigurationList;
			buildConfigurations = (
				1338B11F2525683B0050BBD7 /* Debug */,
				1338B1202525683B0050BBD7 /* Release */,
			);
			defaultConfigurationIsVisible = 0;
			defaultConfigurationName = Release;
		};
/* End XCConfigurationList section */
	};
	rootObject = 1338B102252568340050BBD7 /* Project object */;
}
